
Microsoft Visual Studio Solution File, Format Version 12.00
# Visual Studio 15
VisualStudioVersion = 15.0.28010.2003
MinimumVisualStudioVersion = 10.0.40219.1
Project("{8BC9CEB8-8B4A-11D0-8D11-00A0C91BC942}") = "VoiceLibrary", "VoiceLibrary\VoiceLibrary.vcxproj", "{21A21507-D3FA-45AC-B07A-6F20F3DDEC77}"
EndProject
Project("{8BC9CEB8-8B4A-11D0-8D11-00A0C91BC942}") = "VoiceClient", "VoiceClient\VoiceClient.vcxproj", "{40FA41B7-1294-471A-A449-55BF3AE61732}"
EndProject
Global
	GlobalSection(SolutionConfigurationPlatforms) = preSolution
		Debug|x64 = Debug|x64
		Debug|x86 = Debug|x86
		Release|x64 = Release|x64
		Release|x86 = Release|x86
	EndGlobalSection
	GlobalSection(ProjectConfigurationPlatforms) = postSolution
		{21A21507-D3FA-45AC-B07A-6F20F3DDEC77}.Debug|x64.ActiveCfg = Debug|x64
		{21A21507-D3FA-45AC-B07A-6F20F3DDEC77}.Debug|x64.Build.0 = Debug|x64
		{21A21507-D3FA-45AC-B07A-6F20F3DDEC77}.Debug|x86.ActiveCfg = Debug|Win32
		{21A21507-D3FA-45AC-B07A-6F20F3DDEC77}.Debug|x86.Build.0 = Debug|Win32
		{21A21507-D3FA-45AC-B07A-6F20F3DDEC77}.Release|x64.ActiveCfg = Release|x64
		{21A21507-D3FA-45AC-B07A-6F20F3DDEC77}.Release|x64.Build.0 = Release|x64
		{21A21507-D3FA-45AC-B07A-6F20F3DDEC77}.Release|x86.ActiveCfg = Release|Win32
		{21A21507-D3FA-45AC-B07A-6F20F3DDEC77}.Release|x86.Build.0 = Release|Win32
		{40FA41B7-1294-471A-A449-55BF3AE61732}.Debug|x64.ActiveCfg = Debug|x64
		{40FA41B7-1294-471A-A449-55BF3AE61732}.Debug|x64.Build.0 = Debug|x64
		{40FA41B7-1294-471A-A449-55BF3AE61732}.Debug|x86.ActiveCfg = Debug|Win32
		{40FA41B7-1294-471A-A449-55BF3AE61732}.Debug|x86.Build.0 = Debug|Win32
		{40FA41B7-1294-471A-A449-55BF3AE61732}.Release|x64.ActiveCfg = Release|x64
		{40FA41B7-1294-471A-A449-55BF3AE61732}.Release|x64.Build.0 = Release|x64
		{40FA41B7-1294-471A-A449-55BF3AE61732}.Release|x86.ActiveCfg = Release|Win32
		{40FA41B7-1294-471A-A449-55BF3AE61732}.Release|x86.Build.0 = Release|Win32
	EndGlobalSection
	GlobalSection(SolutionProperties) = preSolution
		HideSolutionNode = FALSE
	EndGlobalSection
	GlobalSection(ExtensibilityGlobals) = postSolution
		SolutionGuid = {06034D58-668A-42AF-85A0-3D708A19AE30}
	EndGlobalSection
EndGlobal
